
 xiugai
 是大数据的bask觉得爱丽丝萨萨里开放空间发的是

Microsoft Visual Studio Solution File, Format Version 12.00
# Visual Studio 15
VisualStudioVersion = 15.0.26730.15
MinimumVisualStudioVersion = 10.0.40219.1
Project("{8BC9CEB8-8B4A-11D0-8D11-00A0C91BC942}") = "Project1", "Project1\Project1.vcxproj", "{CA17E5C5-B686-4F1D-B4FB-86FB9F217756}"
EndProject
Global
	GlobalSection(SolutionConfigurationPlatforms) = preSolution
		Debug|x64 = Debug|x64
		Debug|x86 = Debug|x86
		Release|x64 = Release|x64
		Release|x86 = Release|x86
	EndGlobalSection
	GlobalSection(ProjectConfigurationPlatforms) = postSolution
		{CA17E5C5-B686-4F1D-B4FB-86FB9F217756}.Debug|x64.ActiveCfg = Debug|x64
		{CA17E5C5-B686-4F1D-B4FB-86FB9F217756}.Debug|x64.Build.0 = Debug|x64
		{CA17E5C5-B686-4F1D-B4FB-86FB9F217756}.Debug|x86.ActiveCfg = Debug|Win32
		{CA17E5C5-B686-4F1D-B4FB-86FB9F217756}.Debug|x86.Build.0 = Debug|Win32
		{CA17E5C5-B686-4F1D-B4FB-86FB9F217756}.Release|x64.ActiveCfg = Release|x64
		{CA17E5C5-B686-4F1D-B4FB-86FB9F217756}.Release|x64.Build.0 = Release|x64
		{CA17E5C5-B686-4F1D-B4FB-86FB9F217756}.Release|x86.ActiveCfg = Release|Win32
		{CA17E5C5-B686-4F1D-B4FB-86FB9F217756}.Release|x86.Build.0 = Release|Win32
	EndGlobalSection
	GlobalSection(SolutionProperties) = preSolution
		HideSolutionNode = FALSE
	EndGlobalSection
	GlobalSection(ExtensibilityGlobals) = postSolution
		SolutionGuid = {00FC2856-954D-4FB9-B3DC-E3B4A7D35052}
	EndGlobalSection
EndGlobal
